// !$*UTF8*$!
{
	archiveVersion = 1;
	classes = {
	};
	objectVersion = 51;
	objects = {

/* Begin PBXBuildFile section */
		874A244C264EBF1200A3A0B7 /* AppDelegate.swift in Sources */ = {isa = PBXBuildFile; fileRef = 874A244B264EBF1200A3A0B7 /* AppDelegate.swift */; };
		874A244E264EBF1200A3A0B7 /* SceneDelegate.swift in Sources */ = {isa = PBXBuildFile; fileRef = 874A244D264EBF1200A3A0B7 /* SceneDelegate.swift */; };
		874A2450264EBF1200A3A0B7 /* ViewController.swift in Sources */ = {isa = PBXBuildFile; fileRef = 874A244F264EBF1200A3A0B7 /* ViewController.swift */; };
		874A2453264EBF1200A3A0B7 /* Main.storyboard in Resources */ = {isa = PBXBuildFile; fileRef = 874A2451264EBF1200A3A0B7 /* Main.storyboard */; };
		874A2455264EBF1300A3A0B7 /* Assets.xcassets in Resources */ = {isa = PBXBuildFile; fileRef = 874A2454264EBF1300A3A0B7 /* Assets.xcassets */; };
		874A2458264EBF1300A3A0B7 /* LaunchScreen.storyboard in Resources */ = {isa = PBXBuildFile; fileRef = 874A2456264EBF1300A3A0B7 /* LaunchScreen.storyboard */; };
		874A2461264EC1DC00A3A0B7 /* TableViewCell.swift in Sources */ = {isa = PBXBuildFile; fileRef = 874A2460264EC1DC00A3A0B7 /* TableViewCell.swift */; };
		874A24682655581300A3A0B7 /* LoginViewController.swift in Sources */ = {isa = PBXBuildFile; fileRef = 874A24672655581300A3A0B7 /* LoginViewController.swift */; };
		874A246B2655696200A3A0B7 /* SettingsViewController.swift in Sources */ = {isa = PBXBuildFile; fileRef = 874A246A2655696200A3A0B7 /* SettingsViewController.swift */; };
		C0569AF6BFC565840FDDDF97 /* Pods_Documents.framework in Frameworks */ = {isa = PBXBuildFile; fileRef = 1B676891E560D9F8254BF940 /* Pods_Documents.framework */; };
/* End PBXBuildFile section */

/* Begin PBXFileReference section */
		1B676891E560D9F8254BF940 /* Pods_Documents.framework */ = {isa = PBXFileReference; explicitFileType = wrapper.framework; includeInIndex = 0; path = Pods_Documents.framework; sourceTree = BUILT_PRODUCTS_DIR; };
		3925FB31A39CA87AD8BB7CEE /* Pods-Documents.release.xcconfig */ = {isa = PBXFileReference; includeInIndex = 1; lastKnownFileType = text.xcconfig; name = "Pods-Documents.release.xcconfig"; path = "Target Support Files/Pods-Documents/Pods-Documents.release.xcconfig"; sourceTree = "<group>"; };
		874A2448264EBF1200A3A0B7 /* Documents.app */ = {isa = PBXFileReference; explicitFileType = wrapper.application; includeInIndex = 0; path = Documents.app; sourceTree = BUILT_PRODUCTS_DIR; };
		874A244B264EBF1200A3A0B7 /* AppDelegate.swift */ = {isa = PBXFileReference; lastKnownFileType = sourcecode.swift; path = AppDelegate.swift; sourceTree = "<group>"; };
		874A244D264EBF1200A3A0B7 /* SceneDelegate.swift */ = {isa = PBXFileReference; lastKnownFileType = sourcecode.swift; path = SceneDelegate.swift; sourceTree = "<group>"; };
		874A244F264EBF1200A3A0B7 /* ViewController.swift */ = {isa = PBXFileReference; lastKnownFileType = sourcecode.swift; path = ViewController.swift; sourceTree = "<group>"; };
		874A2452264EBF1200A3A0B7 /* Base */ = {isa = PBXFileReference; lastKnownFileType = file.storyboard; name = Base; path = Base.lproj/Main.storyboard; sourceTree = "<group>"; };
		874A2454264EBF1300A3A0B7 /* Assets.xcassets */ = {isa = PBXFileReference; lastKnownFileType = folder.assetcatalog; path = Assets.xcassets; sourceTree = "<group>"; };
		874A2457264EBF1300A3A0B7 /* Base */ = {isa = PBXFileReference; lastKnownFileType = file.storyboard; name = Base; path = Base.lproj/LaunchScreen.storyboard; sourceTree = "<group>"; };
		874A2459264EBF1300A3A0B7 /* Info.plist */ = {isa = PBXFileReference; lastKnownFileType = text.plist.xml; path = Info.plist; sourceTree = "<group>"; };
		874A2460264EC1DC00A3A0B7 /* TableViewCell.swift */ = {isa = PBXFileReference; lastKnownFileType = sourcecode.swift; path = TableViewCell.swift; sourceTree = "<group>"; };
		874A24672655581300A3A0B7 /* LoginViewController.swift */ = {isa = PBXFileReference; lastKnownFileType = sourcecode.swift; path = LoginViewController.swift; sourceTree = "<group>"; };
		874A246A2655696200A3A0B7 /* SettingsViewController.swift */ = {isa = PBXFileReference; lastKnownFileType = sourcecode.swift; path = SettingsViewController.swift; sourceTree = "<group>"; };
		B073B32097FAC0B036DA950D /* Pods-Documents.debug.xcconfig */ = {isa = PBXFileReference; includeInIndex = 1; lastKnownFileType = text.xcconfig; name = "Pods-Documents.debug.xcconfig"; path = "Target Support Files/Pods-Documents/Pods-Documents.debug.xcconfig"; sourceTree = "<group>"; };
/* End PBXFileReference section */

/* Begin PBXFrameworksBuildPhase section */
		874A2445264EBF1200A3A0B7 /* Frameworks */ = {
			isa = PBXFrameworksBuildPhase;
			buildActionMask = 2147483647;
			files = (
				C0569AF6BFC565840FDDDF97 /* Pods_Documents.framework in Frameworks */,
			);
			runOnlyForDeploymentPostprocessing = 0;
		};
/* End PBXFrameworksBuildPhase section */

/* Begin PBXGroup section */
		034D3D18CE7D279834FAA4B5 /* Pods */ = {
			isa = PBXGroup;
			children = (
				B073B32097FAC0B036DA950D /* Pods-Documents.debug.xcconfig */,
				3925FB31A39CA87AD8BB7CEE /* Pods-Documents.release.xcconfig */,
			);
			path = Pods;
			sourceTree = "<group>";
		};
		380F2BEEA7C088FEF16C64D3 /* Frameworks */ = {
			isa = PBXGroup;
			children = (
				1B676891E560D9F8254BF940 /* Pods_Documents.framework */,
			);
			name = Frameworks;
			sourceTree = "<group>";
		};
		874A243F264EBF1100A3A0B7 = {
			isa = PBXGroup;
			children = (
				874A244A264EBF1200A3A0B7 /* Documents */,
				874A2449264EBF1200A3A0B7 /* Products */,
				034D3D18CE7D279834FAA4B5 /* Pods */,
				380F2BEEA7C088FEF16C64D3 /* Frameworks */,
			);
			sourceTree = "<group>";
		};
		874A2449264EBF1200A3A0B7 /* Products */ = {
			isa = PBXGroup;
			children = (
				874A2448264EBF1200A3A0B7 /* Documents.app */,
			);
			name = Products;
			sourceTree = "<group>";
		};
		874A244A264EBF1200A3A0B7 /* Documents */ = {
			isa = PBXGroup;
			children = (
				874A244B264EBF1200A3A0B7 /* AppDelegate.swift */,
				874A244D264EBF1200A3A0B7 /* SceneDelegate.swift */,
				874A244F264EBF1200A3A0B7 /* ViewController.swift */,
				874A2451264EBF1200A3A0B7 /* Main.storyboard */,
				874A2454264EBF1300A3A0B7 /* Assets.xcassets */,
				874A2456264EBF1300A3A0B7 /* LaunchScreen.storyboard */,
				874A2459264EBF1300A3A0B7 /* Info.plist */,
				874A2460264EC1DC00A3A0B7 /* TableViewCell.swift */,
				874A24672655581300A3A0B7 /* LoginViewController.swift */,
				874A246A2655696200A3A0B7 /* SettingsViewController.swift */,
			);
			path = Documents;
			sourceTree = "<group>";
		};
/* End PBXGroup section */

/* Begin PBXNativeTarget section */
		874A2447264EBF1200A3A0B7 /* Documents */ = {
			isa = PBXNativeTarget;
			buildConfigurationList = 874A245C264EBF1300A3A0B7 /* Build configuration list for PBXNativeTarget "Documents" */;
			buildPhases = (
				C3171E2F1BCF1C428BBA63F5 /* [CP] Check Pods Manifest.lock */,
				874A2444264EBF1200A3A0B7 /* Sources */,
				874A2445264EBF1200A3A0B7 /* Frameworks */,
				874A2446264EBF1200A3A0B7 /* Resources */,
				F49AEE3987235E5F3DC142EC /* [CP] Embed Pods Frameworks */,
			);
			buildRules = (
			);
			dependencies = (
			);
			name = Documents;
			productName = Documents;
			productReference = 874A2448264EBF1200A3A0B7 /* Documents.app */;
			productType = "com.apple.product-type.application";
		};
/* End PBXNativeTarget section */

/* Begin PBXProject section */
		874A2440264EBF1100A3A0B7 /* Project object */ = {
			isa = PBXProject;
			attributes = {
				LastSwiftUpdateCheck = 1240;
				LastUpgradeCheck = 1240;
				TargetAttributes = {
					874A2447264EBF1200A3A0B7 = {
						CreatedOnToolsVersion = 12.4;
					};
				};
			};
			buildConfigurationList = 874A2443264EBF1100A3A0B7 /* Build configuration list for PBXProject "Documents" */;
			compatibilityVersion = "Xcode 9.3";
			developmentRegion = en;
			hasScannedForEncodings = 0;
			knownRegions = (
				en,
				Base,
			);
			mainGroup = 874A243F264EBF1100A3A0B7;
			productRefGroup = 874A2449264EBF1200A3A0B7 /* Products */;
			projectDirPath = "";
			projectRoot = "";
			targets = (
				874A2447264EBF1200A3A0B7 /* Documents */,
			);
		};
/* End PBXProject section */

/* Begin PBXResourcesBuildPhase section */
		874A2446264EBF1200A3A0B7 /* Resources */ = {
			isa = PBXResourcesBuildPhase;
			buildActionMask = 2147483647;
			files = (
				874A2458264EBF1300A3A0B7 /* LaunchScreen.storyboard in Resources */,
				874A2455264EBF1300A3A0B7 /* Assets.xcassets in Resources */,
				874A2453264EBF1200A3A0B7 /* Main.storyboard in Resources */,
			);
			runOnlyForDeploymentPostprocessing = 0;
		};
/* End PBXResourcesBuildPhase section */

/* Begin PBXShellScriptBuildPhase section */
		C3171E2F1BCF1C428BBA63F5 /* [CP] Check Pods Manifest.lock */ = {
			isa = PBXShellScriptBuildPhase;
			buildActionMask = 2147483647;
			files = (
			);
			inputFileListPaths = (
			);
			inputPaths = (
				"${PODS_PODFILE_DIR_PATH}/Podfile.lock",
				"${PODS_ROOT}/Manifest.lock",
			);
			name = "[CP] Check Pods Manifest.lock";
			outputFileListPaths = (
			);
			outputPaths = (
				"$(DERIVED_FILE_DIR)/Pods-Documents-checkManifestLockResult.txt",
			);
			runOnlyForDeploymentPostprocessing = 0;
			shellPath = /bin/sh;
			shellScript = "diff \"${PODS_PODFILE_DIR_PATH}/Podfile.lock\" \"${PODS_ROOT}/Manifest.lock\" > /dev/null\nif [ $? != 0 ] ; then\n    # print error to STDERR\n    echo \"error: The sandbox is not in sync with the Podfile.lock. Run 'pod install' or update your CocoaPods installation.\" >&2\n    exit 1\nfi\n# This output is used by Xcode 'outputs' to avoid re-running this script phase.\necho \"SUCCESS\" > \"${SCRIPT_OUTPUT_FILE_0}\"\n";
			showEnvVarsInLog = 0;
		};
		F49AEE3987235E5F3DC142EC /* [CP] Embed Pods Frameworks */ = {
			isa = PBXShellScriptBuildPhase;
			buildActionMask = 2147483647;
			files = (
			);
			inputFileListPaths = (
				"${PODS_ROOT}/Target Support Files/Pods-Documents/Pods-Documents-frameworks-${CONFIGURATION}-input-files.xcfilelist",
			);
			name = "[CP] Embed Pods Frameworks";
			outputFileListPaths = (
				"${PODS_ROOT}/Target Support Files/Pods-Documents/Pods-Documents-frameworks-${CONFIGURATION}-output-files.xcfilelist",
			);
			runOnlyForDeploymentPostprocessing = 0;
			shellPath = /bin/sh;
			shellScript = "\"${PODS_ROOT}/Target Support Files/Pods-Documents/Pods-Documents-frameworks.sh\"\n";
			showEnvVarsInLog = 0;
		};
/* End PBXShellScriptBuildPhase section */

/* Begin PBXSourcesBuildPhase section */
		874A2444264EBF1200A3A0B7 /* Sources */ = {
			isa = PBXSourcesBuildPhase;
			buildActionMask = 2147483647;
			files = (
				874A2450264EBF1200A3A0B7 /* ViewController.swift in Sources */,
				874A2461264EC1DC00A3A0B7 /* TableViewCell.swift in Sources */,
				874A244C264EBF1200A3A0B7 /* AppDelegate.swift in Sources */,
				874A24682655581300A3A0B7 /* LoginViewController.swift in Sources */,
				874A244E264EBF1200A3A0B7 /* SceneDelegate.swift in Sources */,
				874A246B2655696200A3A0B7 /* SettingsViewController.swift in Sources */,
			);
			runOnlyForDeploymentPostprocessing = 0;
		};
/* End PBXSourcesBuildPhase section */

/* Begin PBXVariantGroup section */
		874A2451264EBF1200A3A0B7 /* Main.storyboard */ = {
			isa = PBXVariantGroup;
			children = (
				874A2452264EBF1200A3A0B7 /* Base */,
			);
			name = Main.storyboard;
			sourceTree = "<group>";
		};
		874A2456264EBF1300A3A0B7 /* LaunchScreen.storyboard */ = {
			isa = PBXVariantGroup;
			children = (
				874A2457264EBF1300A3A0B7 /* Base */,
			);
			name = LaunchScreen.storyboard;
			sourceTree = "<group>";
		};
/* End PBXVariantGroup section */

/* Begin XCBuildConfiguration section */
		874A245A264EBF1300A3A0B7 /* Debug */ = {
			isa = XCBuildConfiguration;
			buildSettings = {
				ALWAYS_SEARCH_USER_PATHS = NO;
				CLANG_ANALYZER_NONNULL = YES;
				CLANG_ANALYZER_NUMBER_OBJECT_CONVERSION = YES_AGGRESSIVE;
				CLANG_CXX_LANGUAGE_STANDARD = "gnu++14";
				CLANG_CXX_LIBRARY = "libc++";
				CLANG_ENABLE_MODULES = YES;
				CLANG_ENABLE_OBJC_ARC = YES;
				CLANG_ENABLE_OBJC_WEAK = YES;
				CLANG_WARN_BLOCK_CAPTURE_AUTORELEASING = YES;
				CLANG_WARN_BOOL_CONVERSION = YES;
				CLANG_WARN_COMMA = YES;
				CLANG_WARN_CONSTANT_CONVERSION = YES;
				CLANG_WARN_DEPRECATED_OBJC_IMPLEMENTATIONS = YES;
				CLANG_WARN_DIRECT_OBJC_ISA_USAGE = YES_ERROR;
				CLANG_WARN_DOCUMENTATION_COMMENTS = YES;
				CLANG_WARN_EMPTY_BODY = YES;
				CLANG_WARN_ENUM_CONVERSION = YES;
				CLANG_WARN_INFINITE_RECURSION = YES;
				CLANG_WARN_INT_CONVERSION = YES;
				CLANG_WARN_NON_LITERAL_NULL_CONVERSION = YES;
				CLANG_WARN_OBJC_IMPLICIT_RETAIN_SELF = YES;
				CLANG_WARN_OBJC_LITERAL_CONVERSION = YES;
				CLANG_WARN_OBJC_ROOT_CLASS = YES_ERROR;
				CLANG_WARN_QUOTED_INCLUDE_IN_FRAMEWORK_HEADER = YES;
				CLANG_WARN_RANGE_LOOP_ANALYSIS = YES;
				CLANG_WARN_STRICT_PROTOTYPES = YES;
				CLANG_WARN_SUSPICIOUS_MOVE = YES;
				CLANG_WARN_UNGUARDED_AVAILABILITY = YES_AGGRESSIVE;
				CLANG_WARN_UNREACHABLE_CODE = YES;
				CLANG_WARN__DUPLICATE_METHOD_MATCH = YES;
				COPY_PHASE_STRIP = NO;
				DEBUG_INFORMATION_FORMAT = dwarf;
				ENABLE_STRICT_OBJC_MSGSEND = YES;
				ENABLE_TESTABILITY = YES;
				GCC_C_LANGUAGE_STANDARD = gnu11;
				GCC_DYNAMIC_NO_PIC = NO;
				GCC_NO_COMMON_BLOCKS = YES;
				GCC_OPTIMIZATION_LEVEL = 0;
				GCC_PREPROCESSOR_DEFINITIONS = (
					"DEBUG=1",
					"$(inherited)",
				);
				GCC_WARN_64_TO_32_BIT_CONVERSION = YES;
				GCC_WARN_ABOUT_RETURN_TYPE = YES_ERROR;
				GCC_WARN_UNDECLARED_SELECTOR = YES;
				GCC_WARN_UNINITIALIZED_AUTOS = YES_AGGRESSIVE;
				GCC_WARN_UNUSED_FUNCTION = YES;
				GCC_WARN_UNUSED_VARIABLE = YES;
				IPHONEOS_DEPLOYMENT_TARGET = 14.4;
				MTL_ENABLE_DEBUG_INFO = INCLUDE_SOURCE;
				MTL_FAST_MATH = YES;
				ONLY_ACTIVE_ARCH = YES;
				SDKROOT = iphoneos;
				SWIFT_ACTIVE_COMPILATION_CONDITIONS = DEBUG;
				SWIFT_OPTIMIZATION_LEVEL = "-Onone";
			};
			name = Debug;
		};
		874A245B264EBF1300A3A0B7 /* Release */ = {
			isa = XCBuildConfiguration;
			buildSettings = {
				ALWAYS_SEARCH_USER_PATHS = NO;
				CLANG_ANALYZER_NONNULL = YES;
				CLANG_ANALYZER_NUMBER_OBJECT_CONVERSION = YES_AGGRESSIVE;
				CLANG_CXX_LANGUAGE_STANDARD = "gnu++14";
				CLANG_CXX_LIBRARY = "libc++";
				CLANG_ENABLE_MODULES = YES;
				CLANG_ENABLE_OBJC_ARC = YES;
				CLANG_ENABLE_OBJC_WEAK = YES;
				CLANG_WARN_BLOCK_CAPTURE_AUTORELEASING = YES;
				CLANG_WARN_BOOL_CONVERSION = YES;
				CLANG_WARN_COMMA = YES;
				CLANG_WARN_CONSTANT_CONVERSION = YES;
				CLANG_WARN_DEPRECATED_OBJC_IMPLEMENTATIONS = YES;
				CLANG_WARN_DIRECT_OBJC_ISA_USAGE = YES_ERROR;
				CLANG_WARN_DOCUMENTATION_COMMENTS = YES;
				CLANG_WARN_EMPTY_BODY = YES;
				CLANG_WARN_ENUM_CONVERSION = YES;
				CLANG_WARN_INFINITE_RECURSION = YES;
				CLANG_WARN_INT_CONVERSION = YES;
				CLANG_WARN_NON_LITERAL_NULL_CONVERSION = YES;
				CLANG_WARN_OBJC_IMPLICIT_RETAIN_SELF = YES;
				CLANG_WARN_OBJC_LITERAL_CONVERSION = YES;
				CLANG_WARN_OBJC_ROOT_CLASS = YES_ERROR;
				CLANG_WARN_QUOTED_INCLUDE_IN_FRAMEWORK_HEADER = YES;
				CLANG_WARN_RANGE_LOOP_ANALYSIS = YES;
				CLANG_WARN_STRICT_PROTOTYPES = YES;
				CLANG_WARN_SUSPICIOUS_MOVE = YES;
				CLANG_WARN_UNGUARDED_AVAILABILITY = YES_AGGRESSIVE;
				CLANG_WARN_UNREACHABLE_CODE = YES;
				CLANG_WARN__DUPLICATE_METHOD_MATCH = YES;
				COPY_PHASE_STRIP = NO;
				DEBUG_INFORMATION_FORMAT = "dwarf-with-dsym";
				ENABLE_NS_ASSERTIONS = NO;
				ENABLE_STRICT_OBJC_MSGSEND = YES;
				GCC_C_LANGUAGE_STANDARD = gnu11;
				GCC_NO_COMMON_BLOCKS = YES;
				GCC_WARN_64_TO_32_BIT_CONVERSION = YES;
				GCC_WARN_ABOUT_RETURN_TYPE = YES_ERROR;
				GCC_WARN_UNDECLARED_SELECTOR = YES;
				GCC_WARN_UNINITIALIZED_AUTOS = YES_AGGRESSIVE;
				GCC_WARN_UNUSED_FUNCTION = YES;
				GCC_WARN_UNUSED_VARIABLE = YES;
				IPHONEOS_DEPLOYMENT_TARGET = 14.4;
				MTL_ENABLE_DEBUG_INFO = NO;
				MTL_FAST_MATH = YES;
				SDKROOT = iphoneos;
				SWIFT_COMPILATION_MODE = wholemodule;
				SWIFT_OPTIMIZATION_LEVEL = "-O";
				VALIDATE_PRODUCT = YES;
			};
			name = Release;
		};
		874A245D264EBF1300A3A0B7 /* Debug */ = {
			isa = XCBuildConfiguration;
			baseConfigurationReference = B073B32097FAC0B036DA950D /* Pods-Documents.debug.xcconfig */;
			buildSettings = {
				ASSETCATALOG_COMPILER_APPICON_NAME = AppIcon;
				ASSETCATALOG_COMPILER_GLOBAL_ACCENT_COLOR_NAME = AccentColor;
				CODE_SIGN_STYLE = Automatic;
				DEVELOPMENT_TEAM = SYXT7H6K4K;
				INFOPLIST_FILE = Documents/Info.plist;
				LD_RUNPATH_SEARCH_PATHS = (
					"$(inherited)",
					"@executable_path/Frameworks",
				);
				PRODUCT_BUNDLE_IDENTIFIER = netology.Documents;
				PRODUCT_NAME = "$(TARGET_NAME)";
				SWIFT_VERSION = 5.0;
				TARGETED_DEVICE_FAMILY = "1,2";
			};
			name = Debug;
		};
		874A245E264EBF1300A3A0B7 /* Release */ = {
			isa = XCBuildConfiguration;
			baseConfigurationReference = 3925FB31A39CA87AD8BB7CEE /* Pods-Documents.release.xcconfig */;
			buildSettings = {
				ASSETCATALOG_COMPILER_APPICON_NAME = AppIcon;
				ASSETCATALOG_COMPILER_GLOBAL_ACCENT_COLOR_NAME = AccentColor;
				CODE_SIGN_STYLE = Automatic;
				DEVELOPMENT_TEAM = SYXT7H6K4K;
				INFOPLIST_FILE = Documents/Info.plist;
				LD_RUNPATH_SEARCH_PATHS = (
					"$(inherited)",
					"@executable_path/Frameworks",
				);
				PRODUCT_BUNDLE_IDENTIFIER = netology.Documents;
				PRODUCT_NAME = "$(TARGET_NAME)";
				SWIFT_VERSION = 5.0;
				TARGETED_DEVICE_FAMILY = "1,2";
			};
			name = Release;
		};
/* End XCBuildConfiguration section */

/* Begin XCConfigurationList section */
		874A2443264EBF1100A3A0B7 /* Build configuration list for PBXProject "Documents" */ = {
			isa = XCConfigurationList;
			buildConfigurations = (
				874A245A264EBF1300A3A0B7 /* Debug */,
				874A245B264EBF1300A3A0B7 /* Release */,
			);
			defaultConfigurationIsVisible = 0;
			defaultConfigurationName = Release;
		};
		874A245C264EBF1300A3A0B7 /* Build configuration list for PBXNativeTarget "Documents" */ = {
			isa = XCConfigurationList;
			buildConfigurations = (
				874A245D264EBF1300A3A0B7 /* Debug */,
				874A245E264EBF1300A3A0B7 /* Release */,
			);
			defaultConfigurationIsVisible = 0;
			defaultConfigurationName = Release;
		};
/* End XCConfigurationList section */
	};
	rootObject = 874A2440264EBF1100A3A0B7 /* Project object */;
}
